github.com/deta/deta-go v1.0.0 h1:vg94dg2t7ChYhs8DEn4oXLzLAGGafgCSClHfMYrVFvY=
github.com/deta/deta-go v1.0.0/go.mod h1:vbQaUT8iD6xREm816eNp7Nw1aewd95dpcb/uj0T2vuY=
github.com/joho/godotenv v1.4.0 h1:3l4+N6zfMWnkbPEXKng2o2/MR5mSwTrBih4ZEkkz1lg=
github.com/joho/godotenv v1.4.0/go.mod h1:f4LDr5Voq0i2e/R5DDNOoa2zzDfwtkZa6DnEwAbqwq4=
